
Microsoft Visual Studio Solution File, Format Version 12.00
# Visual Studio Version 17
VisualStudioVersion = 17.10.35027.167
MinimumVisualStudioVersion = 10.0.40219.1
Project("{9A19103F-16F7-4668-BE54-9A1E7A4F7556}") = "OrderProcessor", "OrderProcessor.csproj", "{8AB26B48-7D44-49E1-8EAA-B6F3F76A00EA}"
EndProject
Project("{2150E333-8FDC-42A3-9474-1A3956D46DE8}") = "Docs", "Docs", "{1274E468-31B8-490B-A6A6-4AA7BEA10506}"
EndProject
Project("{2150E333-8FDC-42A3-9474-1A3956D46DE8}") = "Models", "Models", "{D049409B-3A49-4A03-AE49-265382314BD4}"
	ProjectSection(SolutionItems) = preProject
		Order.md = Order.md
	EndProjectSection
EndProject
Global
	GlobalSection(SolutionConfigurationPlatforms) = preSolution
		Debug|Any CPU = Debug|Any CPU
		Release|Any CPU = Release|Any CPU
	EndGlobalSection
	GlobalSection(ProjectConfigurationPlatforms) = postSolution
		{8AB26B48-7D44-49E1-8EAA-B6F3F76A00EA}.Debug|Any CPU.ActiveCfg = Debug|Any CPU
		{8AB26B48-7D44-49E1-8EAA-B6F3F76A00EA}.Debug|Any CPU.Build.0 = Debug|Any CPU
		{8AB26B48-7D44-49E1-8EAA-B6F3F76A00EA}.Release|Any CPU.ActiveCfg = Release|Any CPU
		{8AB26B48-7D44-49E1-8EAA-B6F3F76A00EA}.Release|Any CPU.Build.0 = Release|Any CPU
	EndGlobalSection
	GlobalSection(SolutionProperties) = preSolution
		HideSolutionNode = FALSE
	EndGlobalSection
	GlobalSection(NestedProjects) = preSolution
		{D049409B-3A49-4A03-AE49-265382314BD4} = {1274E468-31B8-490B-A6A6-4AA7BEA10506}
	EndGlobalSection
	GlobalSection(ExtensibilityGlobals) = postSolution
		SolutionGuid = {105087DE-7FFD-4AF9-9706-4855CF6445DF}
	EndGlobalSection
EndGlobal
